
Microsoft Visual Studio Solution File, Format Version 12.00
# Visual Studio 15
VisualStudioVersion = 15.0.26730.16
MinimumVisualStudioVersion = 10.0.40219.1
Project("{FAE04EC0-301F-11D3-BF4B-00C04F79EFBC}") = "CommonEFUtils", "CommonEFUtils\CommonEFUtils.csproj", "{44CE5B33-F7A4-42B9-BFB8-40C96EF996E3}"
EndProject
Project("{FAE04EC0-301F-11D3-BF4B-00C04F79EFBC}") = "CommonUtils", "..\CommonUtils\CommonUtils\CommonUtils.csproj", "{4AE89C08-9A33-4AC2-8D65-0451EDFA79E5}"
EndProject
Global
	GlobalSection(SolutionConfigurationPlatforms) = preSolution
		Debug|Any CPU = Debug|Any CPU
		Release|Any CPU = Release|Any CPU
	EndGlobalSection
	GlobalSection(ProjectConfigurationPlatforms) = postSolution
		{44CE5B33-F7A4-42B9-BFB8-40C96EF996E3}.Debug|Any CPU.ActiveCfg = Debug|Any CPU
		{44CE5B33-F7A4-42B9-BFB8-40C96EF996E3}.Debug|Any CPU.Build.0 = Debug|Any CPU
		{44CE5B33-F7A4-42B9-BFB8-40C96EF996E3}.Release|Any CPU.ActiveCfg = Release|Any CPU
		{44CE5B33-F7A4-42B9-BFB8-40C96EF996E3}.Release|Any CPU.Build.0 = Release|Any CPU
		{4AE89C08-9A33-4AC2-8D65-0451EDFA79E5}.Debug|Any CPU.ActiveCfg = Debug|Any CPU
		{4AE89C08-9A33-4AC2-8D65-0451EDFA79E5}.Debug|Any CPU.Build.0 = Debug|Any CPU
		{4AE89C08-9A33-4AC2-8D65-0451EDFA79E5}.Release|Any CPU.ActiveCfg = Release|Any CPU
		{4AE89C08-9A33-4AC2-8D65-0451EDFA79E5}.Release|Any CPU.Build.0 = Release|Any CPU
	EndGlobalSection
	GlobalSection(SolutionProperties) = preSolution
		HideSolutionNode = FALSE
	EndGlobalSection
	GlobalSection(ExtensibilityGlobals) = postSolution
		SolutionGuid = {BCF67544-F8A9-435B-A569-EAC01272B863}
	EndGlobalSection
	GlobalSection(TeamFoundationVersionControl) = preSolution
		SccNumberOfProjects = 1
		SccEnterpriseProvider = {4CA58AB2-18FA-4F8D-95D4-32DDF27D184C}
		SccTeamFoundationServer = http://ishc0web2:8080/tfs/defaultcollection
		SccLocalPath0 = .
	EndGlobalSection
EndGlobal
